// !$*UTF8*$!
{
	archiveVersion = 1;
	classes = {
	};
	objectVersion = 50;
	objects = {

/* Begin PBXBuildFile section */
		04444A56C6A6DB30BF9ABB36 /* Pods_ToDoListTests.framework in Frameworks */ = {isa = PBXBuildFile; fileRef = B22DA3332C2907AEEF366418 /* Pods_ToDoListTests.framework */; };
		A7FEDA8B3998EA648D43D4F0 /* Pods_ToDoList.framework in Frameworks */ = {isa = PBXBuildFile; fileRef = 9001CF566830F36D27A7B3AD /* Pods_ToDoList.framework */; };
		B95167EA06986B699F52C0BD /* Pods_ToDoList_ToDoListUITests.framework in Frameworks */ = {isa = PBXBuildFile; fileRef = FC016F5647F331A256FF4271 /* Pods_ToDoList_ToDoListUITests.framework */; };
		F04781802425C1EB006911CD /* AppDelegate.m in Sources */ = {isa = PBXBuildFile; fileRef = F047817F2425C1EB006911CD /* AppDelegate.m */; };
		F04781832425C1EB006911CD /* SceneDelegate.m in Sources */ = {isa = PBXBuildFile; fileRef = F04781822425C1EB006911CD /* SceneDelegate.m */; };
		F04781862425C1EB006911CD /* ViewController.m in Sources */ = {isa = PBXBuildFile; fileRef = F04781852425C1EB006911CD /* ViewController.m */; };
		F04781892425C1EB006911CD /* Main.storyboard in Resources */ = {isa = PBXBuildFile; fileRef = F04781872425C1EB006911CD /* Main.storyboard */; };
		F047818B2425C1EC006911CD /* Assets.xcassets in Resources */ = {isa = PBXBuildFile; fileRef = F047818A2425C1EC006911CD /* Assets.xcassets */; };
		F047818E2425C1EC006911CD /* LaunchScreen.storyboard in Resources */ = {isa = PBXBuildFile; fileRef = F047818C2425C1EC006911CD /* LaunchScreen.storyboard */; };
		F04781912425C1EC006911CD /* main.m in Sources */ = {isa = PBXBuildFile; fileRef = F04781902425C1EC006911CD /* main.m */; };
		F047819B2425C1EC006911CD /* ToDoListTests.m in Sources */ = {isa = PBXBuildFile; fileRef = F047819A2425C1EC006911CD /* ToDoListTests.m */; };
		F04781A62425C1EC006911CD /* ToDoListUITests.m in Sources */ = {isa = PBXBuildFile; fileRef = F04781A52425C1EC006911CD /* ToDoListUITests.m */; };
		F06547DA24275469008C938B /* GoogleService-Info.plist in Resources */ = {isa = PBXBuildFile; fileRef = F06547D924275469008C938B /* GoogleService-Info.plist */; };
/* End PBXBuildFile section */

/* Begin PBXContainerItemProxy section */
		F04781972425C1EC006911CD /* PBXContainerItemProxy */ = {
			isa = PBXContainerItemProxy;
			containerPortal = F04781732425C1EA006911CD /* Project object */;
			proxyType = 1;
			remoteGlobalIDString = F047817A2425C1EA006911CD;
			remoteInfo = ToDoList;
		};
		F04781A22425C1EC006911CD /* PBXContainerItemProxy */ = {
			isa = PBXContainerItemProxy;
			containerPortal = F04781732425C1EA006911CD /* Project object */;
			proxyType = 1;
			remoteGlobalIDString = F047817A2425C1EA006911CD;
			remoteInfo = ToDoList;
		};
/* End PBXContainerItemProxy section */

/* Begin PBXFileReference section */
		4F3BB7BF9F4C02977557EB24 /* Pods-ToDoList-ToDoListUITests.debug.xcconfig */ = {isa = PBXFileReference; includeInIndex = 1; lastKnownFileType = text.xcconfig; name = "Pods-ToDoList-ToDoListUITests.debug.xcconfig"; path = "Target Support Files/Pods-ToDoList-ToDoListUITests/Pods-ToDoList-ToDoListUITests.debug.xcconfig"; sourceTree = "<group>"; };
		6CC53E92349DA6BA4A077288 /* Pods-ToDoList-ToDoListUITests.release.xcconfig */ = {isa = PBXFileReference; includeInIndex = 1; lastKnownFileType = text.xcconfig; name = "Pods-ToDoList-ToDoListUITests.release.xcconfig"; path = "Target Support Files/Pods-ToDoList-ToDoListUITests/Pods-ToDoList-ToDoListUITests.release.xcconfig"; sourceTree = "<group>"; };
		856923871D8FB68DFE75E472 /* Pods-ToDoList.debug.xcconfig */ = {isa = PBXFileReference; includeInIndex = 1; lastKnownFileType = text.xcconfig; name = "Pods-ToDoList.debug.xcconfig"; path = "Target Support Files/Pods-ToDoList/Pods-ToDoList.debug.xcconfig"; sourceTree = "<group>"; };
		9001CF566830F36D27A7B3AD /* Pods_ToDoList.framework */ = {isa = PBXFileReference; explicitFileType = wrapper.framework; includeInIndex = 0; path = Pods_ToDoList.framework; sourceTree = BUILT_PRODUCTS_DIR; };
		AC2401F9E33B9902B9C49E8D /* Pods-ToDoListTests.debug.xcconfig */ = {isa = PBXFileReference; includeInIndex = 1; lastKnownFileType = text.xcconfig; name = "Pods-ToDoListTests.debug.xcconfig"; path = "Target Support Files/Pods-ToDoListTests/Pods-ToDoListTests.debug.xcconfig"; sourceTree = "<group>"; };
		B22DA3332C2907AEEF366418 /* Pods_ToDoListTests.framework */ = {isa = PBXFileReference; explicitFileType = wrapper.framework; includeInIndex = 0; path = Pods_ToDoListTests.framework; sourceTree = BUILT_PRODUCTS_DIR; };
		BEFDB1422DCC6EFCF871D437 /* Pods-ToDoList.release.xcconfig */ = {isa = PBXFileReference; includeInIndex = 1; lastKnownFileType = text.xcconfig; name = "Pods-ToDoList.release.xcconfig"; path = "Target Support Files/Pods-ToDoList/Pods-ToDoList.release.xcconfig"; sourceTree = "<group>"; };
		C21060D2C8A8A087C3F5AF2D /* Pods-ToDoListTests.release.xcconfig */ = {isa = PBXFileReference; includeInIndex = 1; lastKnownFileType = text.xcconfig; name = "Pods-ToDoListTests.release.xcconfig"; path = "Target Support Files/Pods-ToDoListTests/Pods-ToDoListTests.release.xcconfig"; sourceTree = "<group>"; };
		F047817B2425C1EA006911CD /* ToDoList.app */ = {isa = PBXFileReference; explicitFileType = wrapper.application; includeInIndex = 0; path = ToDoList.app; sourceTree = BUILT_PRODUCTS_DIR; };
		F047817E2425C1EB006911CD /* AppDelegate.h */ = {isa = PBXFileReference; lastKnownFileType = sourcecode.c.h; path = AppDelegate.h; sourceTree = "<group>"; };
		F047817F2425C1EB006911CD /* AppDelegate.m */ = {isa = PBXFileReference; lastKnownFileType = sourcecode.c.objc; path = AppDelegate.m; sourceTree = "<group>"; };
		F04781812425C1EB006911CD /* SceneDelegate.h */ = {isa = PBXFileReference; lastKnownFileType = sourcecode.c.h; path = SceneDelegate.h; sourceTree = "<group>"; };
		F04781822425C1EB006911CD /* SceneDelegate.m */ = {isa = PBXFileReference; lastKnownFileType = sourcecode.c.objc; path = SceneDelegate.m; sourceTree = "<group>"; };
		F04781842425C1EB006911CD /* ViewController.h */ = {isa = PBXFileReference; lastKnownFileType = sourcecode.c.h; path = ViewController.h; sourceTree = "<group>"; };
		F04781852425C1EB006911CD /* ViewController.m */ = {isa = PBXFileReference; lastKnownFileType = sourcecode.c.objc; path = ViewController.m; sourceTree = "<group>"; };
		F04781882425C1EB006911CD /* Base */ = {isa = PBXFileReference; lastKnownFileType = file.storyboard; name = Base; path = Base.lproj/Main.storyboard; sourceTree = "<group>"; };
		F047818A2425C1EC006911CD /* Assets.xcassets */ = {isa = PBXFileReference; lastKnownFileType = folder.assetcatalog; path = Assets.xcassets; sourceTree = "<group>"; };
		F047818D2425C1EC006911CD /* Base */ = {isa = PBXFileReference; lastKnownFileType = file.storyboard; name = Base; path = Base.lproj/LaunchScreen.storyboard; sourceTree = "<group>"; };
		F047818F2425C1EC006911CD /* Info.plist */ = {isa = PBXFileReference; lastKnownFileType = text.plist.xml; path = Info.plist; sourceTree = "<group>"; };
		F04781902425C1EC006911CD /* main.m */ = {isa = PBXFileReference; lastKnownFileType = sourcecode.c.objc; path = main.m; sourceTree = "<group>"; };
		F04781962425C1EC006911CD /* ToDoListTests.xctest */ = {isa = PBXFileReference; explicitFileType = wrapper.cfbundle; includeInIndex = 0; path = ToDoListTests.xctest; sourceTree = BUILT_PRODUCTS_DIR; };
		F047819A2425C1EC006911CD /* ToDoListTests.m */ = {isa = PBXFileReference; lastKnownFileType = sourcecode.c.objc; path = ToDoListTests.m; sourceTree = "<group>"; };
		F047819C2425C1EC006911CD /* Info.plist */ = {isa = PBXFileReference; lastKnownFileType = text.plist.xml; path = Info.plist; sourceTree = "<group>"; };
		F04781A12425C1EC006911CD /* ToDoListUITests.xctest */ = {isa = PBXFileReference; explicitFileType = wrapper.cfbundle; includeInIndex = 0; path = ToDoListUITests.xctest; sourceTree = BUILT_PRODUCTS_DIR; };
		F04781A52425C1EC006911CD /* ToDoListUITests.m */ = {isa = PBXFileReference; lastKnownFileType = sourcecode.c.objc; path = ToDoListUITests.m; sourceTree = "<group>"; };
		F04781A72425C1EC006911CD /* Info.plist */ = {isa = PBXFileReference; lastKnownFileType = text.plist.xml; path = Info.plist; sourceTree = "<group>"; };
		F06547D924275469008C938B /* GoogleService-Info.plist */ = {isa = PBXFileReference; fileEncoding = 4; lastKnownFileType = text.plist.xml; path = "GoogleService-Info.plist"; sourceTree = "<group>"; };
		FC016F5647F331A256FF4271 /* Pods_ToDoList_ToDoListUITests.framework */ = {isa = PBXFileReference; explicitFileType = wrapper.framework; includeInIndex = 0; path = Pods_ToDoList_ToDoListUITests.framework; sourceTree = BUILT_PRODUCTS_DIR; };
/* End PBXFileReference section */

/* Begin PBXFrameworksBuildPhase section */
		F04781782425C1EA006911CD /* Frameworks */ = {
			isa = PBXFrameworksBuildPhase;
			buildActionMask = 2147483647;
			files = (
				A7FEDA8B3998EA648D43D4F0 /* Pods_ToDoList.framework in Frameworks */,
			);
			runOnlyForDeploymentPostprocessing = 0;
		};
		F04781932425C1EC006911CD /* Frameworks */ = {
			isa = PBXFrameworksBuildPhase;
			buildActionMask = 2147483647;
			files = (
				04444A56C6A6DB30BF9ABB36 /* Pods_ToDoListTests.framework in Frameworks */,
			);
			runOnlyForDeploymentPostprocessing = 0;
		};
		F047819E2425C1EC006911CD /* Frameworks */ = {
			isa = PBXFrameworksBuildPhase;
			buildActionMask = 2147483647;
			files = (
				B95167EA06986B699F52C0BD /* Pods_ToDoList_ToDoListUITests.framework in Frameworks */,
			);
			runOnlyForDeploymentPostprocessing = 0;
		};
/* End PBXFrameworksBuildPhase section */

/* Begin PBXGroup section */
		42707EDB663745EB515E44A7 /* Pods */ = {
			isa = PBXGroup;
			children = (
				856923871D8FB68DFE75E472 /* Pods-ToDoList.debug.xcconfig */,
				BEFDB1422DCC6EFCF871D437 /* Pods-ToDoList.release.xcconfig */,
				4F3BB7BF9F4C02977557EB24 /* Pods-ToDoList-ToDoListUITests.debug.xcconfig */,
				6CC53E92349DA6BA4A077288 /* Pods-ToDoList-ToDoListUITests.release.xcconfig */,
				AC2401F9E33B9902B9C49E8D /* Pods-ToDoListTests.debug.xcconfig */,
				C21060D2C8A8A087C3F5AF2D /* Pods-ToDoListTests.release.xcconfig */,
			);
			name = Pods;
			path = Pods;
			sourceTree = "<group>";
		};
		C16DA150AE1FDDF425A68A94 /* Frameworks */ = {
			isa = PBXGroup;
			children = (
				9001CF566830F36D27A7B3AD /* Pods_ToDoList.framework */,
				FC016F5647F331A256FF4271 /* Pods_ToDoList_ToDoListUITests.framework */,
				B22DA3332C2907AEEF366418 /* Pods_ToDoListTests.framework */,
			);
			name = Frameworks;
			sourceTree = "<group>";
		};
		F04781722425C1EA006911CD = {
			isa = PBXGroup;
			children = (
				F047817D2425C1EB006911CD /* ToDoList */,
				F04781992425C1EC006911CD /* ToDoListTests */,
				F04781A42425C1EC006911CD /* ToDoListUITests */,
				F047817C2425C1EA006911CD /* Products */,
				42707EDB663745EB515E44A7 /* Pods */,
				C16DA150AE1FDDF425A68A94 /* Frameworks */,
			);
			sourceTree = "<group>";
		};
		F047817C2425C1EA006911CD /* Products */ = {
			isa = PBXGroup;
			children = (
				F047817B2425C1EA006911CD /* ToDoList.app */,
				F04781962425C1EC006911CD /* ToDoListTests.xctest */,
				F04781A12425C1EC006911CD /* ToDoListUITests.xctest */,
			);
			name = Products;
			sourceTree = "<group>";
		};
		F047817D2425C1EB006911CD /* ToDoList */ = {
			isa = PBXGroup;
			children = (
				F06547D924275469008C938B /* GoogleService-Info.plist */,
				F047817E2425C1EB006911CD /* AppDelegate.h */,
				F047817F2425C1EB006911CD /* AppDelegate.m */,
				F04781812425C1EB006911CD /* SceneDelegate.h */,
				F04781822425C1EB006911CD /* SceneDelegate.m */,
				F04781842425C1EB006911CD /* ViewController.h */,
				F04781852425C1EB006911CD /* ViewController.m */,
				F04781872425C1EB006911CD /* Main.storyboard */,
				F047818A2425C1EC006911CD /* Assets.xcassets */,
				F047818C2425C1EC006911CD /* LaunchScreen.storyboard */,
				F047818F2425C1EC006911CD /* Info.plist */,
				F04781902425C1EC006911CD /* main.m */,
			);
			path = ToDoList;
			sourceTree = "<group>";
		};
		F04781992425C1EC006911CD /* ToDoListTests */ = {
			isa = PBXGroup;
			children = (
				F047819A2425C1EC006911CD /* ToDoListTests.m */,
				F047819C2425C1EC006911CD /* Info.plist */,
			);
			path = ToDoListTests;
			sourceTree = "<group>";
		};
		F04781A42425C1EC006911CD /* ToDoListUITests */ = {
			isa = PBXGroup;
			children = (
				F04781A52425C1EC006911CD /* ToDoListUITests.m */,
				F04781A72425C1EC006911CD /* Info.plist */,
			);
			path = ToDoListUITests;
			sourceTree = "<group>";
		};
/* End PBXGroup section */

/* Begin PBXNativeTarget section */
		F047817A2425C1EA006911CD /* ToDoList */ = {
			isa = PBXNativeTarget;
			buildConfigurationList = F04781AA2425C1EC006911CD /* Build configuration list for PBXNativeTarget "ToDoList" */;
			buildPhases = (
				0B9F6226A8A4DFA89A289EF5 /* [CP] Check Pods Manifest.lock */,
				F04781772425C1EA006911CD /* Sources */,
				F04781782425C1EA006911CD /* Frameworks */,
				F04781792425C1EA006911CD /* Resources */,
				7B54F5FEBF3455771330A364 /* [CP] Embed Pods Frameworks */,
			);
			buildRules = (
			);
			dependencies = (
			);
			name = ToDoList;
			productName = ToDoList;
			productReference = F047817B2425C1EA006911CD /* ToDoList.app */;
			productType = "com.apple.product-type.application";
		};
		F04781952425C1EC006911CD /* ToDoListTests */ = {
			isa = PBXNativeTarget;
			buildConfigurationList = F04781AD2425C1EC006911CD /* Build configuration list for PBXNativeTarget "ToDoListTests" */;
			buildPhases = (
				8F25A6767EBC3858C6106615 /* [CP] Check Pods Manifest.lock */,
				F04781922425C1EC006911CD /* Sources */,
				F04781932425C1EC006911CD /* Frameworks */,
				F04781942425C1EC006911CD /* Resources */,
			);
			buildRules = (
			);
			dependencies = (
				F04781982425C1EC006911CD /* PBXTargetDependency */,
			);
			name = ToDoListTests;
			productName = ToDoListTests;
			productReference = F04781962425C1EC006911CD /* ToDoListTests.xctest */;
			productType = "com.apple.product-type.bundle.unit-test";
		};
		F04781A02425C1EC006911CD /* ToDoListUITests */ = {
			isa = PBXNativeTarget;
			buildConfigurationList = F04781B02425C1EC006911CD /* Build configuration list for PBXNativeTarget "ToDoListUITests" */;
			buildPhases = (
				E593756BCA37FA6C9366CEA8 /* [CP] Check Pods Manifest.lock */,
				F047819D2425C1EC006911CD /* Sources */,
				F047819E2425C1EC006911CD /* Frameworks */,
				F047819F2425C1EC006911CD /* Resources */,
				488D4D2D37959066D29BC399 /* [CP] Embed Pods Frameworks */,
			);
			buildRules = (
			);
			dependencies = (
				F04781A32425C1EC006911CD /* PBXTargetDependency */,
			);
			name = ToDoListUITests;
			productName = ToDoListUITests;
			productReference = F04781A12425C1EC006911CD /* ToDoListUITests.xctest */;
			productType = "com.apple.product-type.bundle.ui-testing";
		};
/* End PBXNativeTarget section */

/* Begin PBXProject section */
		F04781732425C1EA006911CD /* Project object */ = {
			isa = PBXProject;
			attributes = {
				LastUpgradeCheck = 1130;
				ORGANIZATIONNAME = "Desmond Wong";
				TargetAttributes = {
					F047817A2425C1EA006911CD = {
						CreatedOnToolsVersion = 11.3.1;
					};
					F04781952425C1EC006911CD = {
						CreatedOnToolsVersion = 11.3.1;
						TestTargetID = F047817A2425C1EA006911CD;
					};
					F04781A02425C1EC006911CD = {
						CreatedOnToolsVersion = 11.3.1;
						TestTargetID = F047817A2425C1EA006911CD;
					};
				};
			};
			buildConfigurationList = F04781762425C1EA006911CD /* Build configuration list for PBXProject "ToDoList" */;
			compatibilityVersion = "Xcode 9.3";
			developmentRegion = en;
			hasScannedForEncodings = 0;
			knownRegions = (
				en,
				Base,
			);
			mainGroup = F04781722425C1EA006911CD;
			productRefGroup = F047817C2425C1EA006911CD /* Products */;
			projectDirPath = "";
			projectRoot = "";
			targets = (
				F047817A2425C1EA006911CD /* ToDoList */,
				F04781952425C1EC006911CD /* ToDoListTests */,
				F04781A02425C1EC006911CD /* ToDoListUITests */,
			);
		};
/* End PBXProject section */

/* Begin PBXResourcesBuildPhase section */
		F04781792425C1EA006911CD /* Resources */ = {
			isa = PBXResourcesBuildPhase;
			buildActionMask = 2147483647;
			files = (
				F047818E2425C1EC006911CD /* LaunchScreen.storyboard in Resources */,
				F06547DA24275469008C938B /* GoogleService-Info.plist in Resources */,
				F047818B2425C1EC006911CD /* Assets.xcassets in Resources */,
				F04781892425C1EB006911CD /* Main.storyboard in Resources */,
			);
			runOnlyForDeploymentPostprocessing = 0;
		};
		F04781942425C1EC006911CD /* Resources */ = {
			isa = PBXResourcesBuildPhase;
			buildActionMask = 2147483647;
			files = (
			);
			runOnlyForDeploymentPostprocessing = 0;
		};
		F047819F2425C1EC006911CD /* Resources */ = {
			isa = PBXResourcesBuildPhase;
			buildActionMask = 2147483647;
			files = (
			);
			runOnlyForDeploymentPostprocessing = 0;
		};
/* End PBXResourcesBuildPhase section */

/* Begin PBXShellScriptBuildPhase section */
		0B9F6226A8A4DFA89A289EF5 /* [CP] Check Pods Manifest.lock */ = {
			isa = PBXShellScriptBuildPhase;
			buildActionMask = 2147483647;
			files = (
			);
			inputFileListPaths = (
			);
			inputPaths = (
				"${PODS_PODFILE_DIR_PATH}/Podfile.lock",
				"${PODS_ROOT}/Manifest.lock",
			);
			name = "[CP] Check Pods Manifest.lock";
			outputFileListPaths = (
			);
			outputPaths = (
				"$(DERIVED_FILE_DIR)/Pods-ToDoList-checkManifestLockResult.txt",
			);
			runOnlyForDeploymentPostprocessing = 0;
			shellPath = /bin/sh;
			shellScript = "diff \"${PODS_PODFILE_DIR_PATH}/Podfile.lock\" \"${PODS_ROOT}/Manifest.lock\" > /dev/null\nif [ $? != 0 ] ; then\n    # print error to STDERR\n    echo \"error: The sandbox is not in sync with the Podfile.lock. Run 'pod install' or update your CocoaPods installation.\" >&2\n    exit 1\nfi\n# This output is used by Xcode 'outputs' to avoid re-running this script phase.\necho \"SUCCESS\" > \"${SCRIPT_OUTPUT_FILE_0}\"\n";
			showEnvVarsInLog = 0;
		};
		488D4D2D37959066D29BC399 /* [CP] Embed Pods Frameworks */ = {
			isa = PBXShellScriptBuildPhase;
			buildActionMask = 2147483647;
			files = (
			);
			inputFileListPaths = (
				"${PODS_ROOT}/Target Support Files/Pods-ToDoList-ToDoListUITests/Pods-ToDoList-ToDoListUITests-frameworks-${CONFIGURATION}-input-files.xcfilelist",
			);
			name = "[CP] Embed Pods Frameworks";
			outputFileListPaths = (
				"${PODS_ROOT}/Target Support Files/Pods-ToDoList-ToDoListUITests/Pods-ToDoList-ToDoListUITests-frameworks-${CONFIGURATION}-output-files.xcfilelist",
			);
			runOnlyForDeploymentPostprocessing = 0;
			shellPath = /bin/sh;
			shellScript = "\"${PODS_ROOT}/Target Support Files/Pods-ToDoList-ToDoListUITests/Pods-ToDoList-ToDoListUITests-frameworks.sh\"\n";
			showEnvVarsInLog = 0;
		};
		7B54F5FEBF3455771330A364 /* [CP] Embed Pods Frameworks */ = {
			isa = PBXShellScriptBuildPhase;
			buildActionMask = 2147483647;
			files = (
			);
			inputFileListPaths = (
				"${PODS_ROOT}/Target Support Files/Pods-ToDoList/Pods-ToDoList-frameworks-${CONFIGURATION}-input-files.xcfilelist",
			);
			name = "[CP] Embed Pods Frameworks";
			outputFileListPaths = (
				"${PODS_ROOT}/Target Support Files/Pods-ToDoList/Pods-ToDoList-frameworks-${CONFIGURATION}-output-files.xcfilelist",
			);
			runOnlyForDeploymentPostprocessing = 0;
			shellPath = /bin/sh;
			shellScript = "\"${PODS_ROOT}/Target Support Files/Pods-ToDoList/Pods-ToDoList-frameworks.sh\"\n";
			showEnvVarsInLog = 0;
		};
		8F25A6767EBC3858C6106615 /* [CP] Check Pods Manifest.lock */ = {
			isa = PBXShellScriptBuildPhase;
			buildActionMask = 2147483647;
			files = (
			);
			inputFileListPaths = (
			);
			inputPaths = (
				"${PODS_PODFILE_DIR_PATH}/Podfile.lock",
				"${PODS_ROOT}/Manifest.lock",
			);
			name = "[CP] Check Pods Manifest.lock";
			outputFileListPaths = (
			);
			outputPaths = (
				"$(DERIVED_FILE_DIR)/Pods-ToDoListTests-checkManifestLockResult.txt",
			);
			runOnlyForDeploymentPostprocessing = 0;
			shellPath = /bin/sh;
			shellScript = "diff \"${PODS_PODFILE_DIR_PATH}/Podfile.lock\" \"${PODS_ROOT}/Manifest.lock\" > /dev/null\nif [ $? != 0 ] ; then\n    # print error to STDERR\n    echo \"error: The sandbox is not in sync with the Podfile.lock. Run 'pod install' or update your CocoaPods installation.\" >&2\n    exit 1\nfi\n# This output is used by Xcode 'outputs' to avoid re-running this script phase.\necho \"SUCCESS\" > \"${SCRIPT_OUTPUT_FILE_0}\"\n";
			showEnvVarsInLog = 0;
		};
		E593756BCA37FA6C9366CEA8 /* [CP] Check Pods Manifest.lock */ = {
			isa = PBXShellScriptBuildPhase;
			buildActionMask = 2147483647;
			files = (
			);
			inputFileListPaths = (
			);
			inputPaths = (
				"${PODS_PODFILE_DIR_PATH}/Podfile.lock",
				"${PODS_ROOT}/Manifest.lock",
			);
			name = "[CP] Check Pods Manifest.lock";
			outputFileListPaths = (
			);
			outputPaths = (
				"$(DERIVED_FILE_DIR)/Pods-ToDoList-ToDoListUITests-checkManifestLockResult.txt",
			);
			runOnlyForDeploymentPostprocessing = 0;
			shellPath = /bin/sh;
			shellScript = "diff \"${PODS_PODFILE_DIR_PATH}/Podfile.lock\" \"${PODS_ROOT}/Manifest.lock\" > /dev/null\nif [ $? != 0 ] ; then\n    # print error to STDERR\n    echo \"error: The sandbox is not in sync with the Podfile.lock. Run 'pod install' or update your CocoaPods installation.\" >&2\n    exit 1\nfi\n# This output is used by Xcode 'outputs' to avoid re-running this script phase.\necho \"SUCCESS\" > \"${SCRIPT_OUTPUT_FILE_0}\"\n";
			showEnvVarsInLog = 0;
		};
/* End PBXShellScriptBuildPhase section */

/* Begin PBXSourcesBuildPhase section */
		F04781772425C1EA006911CD /* Sources */ = {
			isa = PBXSourcesBuildPhase;
			buildActionMask = 2147483647;
			files = (
				F04781862425C1EB006911CD /* ViewController.m in Sources */,
				F04781802425C1EB006911CD /* AppDelegate.m in Sources */,
				F04781912425C1EC006911CD /* main.m in Sources */,
				F04781832425C1EB006911CD /* SceneDelegate.m in Sources */,
			);
			runOnlyForDeploymentPostprocessing = 0;
		};
		F04781922425C1EC006911CD /* Sources */ = {
			isa = PBXSourcesBuildPhase;
			buildActionMask = 2147483647;
			files = (
				F047819B2425C1EC006911CD /* ToDoListTests.m in Sources */,
			);
			runOnlyForDeploymentPostprocessing = 0;
		};
		F047819D2425C1EC006911CD /* Sources */ = {
			isa = PBXSourcesBuildPhase;
			buildActionMask = 2147483647;
			files = (
				F04781A62425C1EC006911CD /* ToDoListUITests.m in Sources */,
			);
			runOnlyForDeploymentPostprocessing = 0;
		};
/* End PBXSourcesBuildPhase section */

/* Begin PBXTargetDependency section */
		F04781982425C1EC006911CD /* PBXTargetDependency */ = {
			isa = PBXTargetDependency;
			target = F047817A2425C1EA006911CD /* ToDoList */;
			targetProxy = F04781972425C1EC006911CD /* PBXContainerItemProxy */;
		};
		F04781A32425C1EC006911CD /* PBXTargetDependency */ = {
			isa = PBXTargetDependency;
			target = F047817A2425C1EA006911CD /* ToDoList */;
			targetProxy = F04781A22425C1EC006911CD /* PBXContainerItemProxy */;
		};
/* End PBXTargetDependency section */

/* Begin PBXVariantGroup section */
		F04781872425C1EB006911CD /* Main.storyboard */ = {
			isa = PBXVariantGroup;
			children = (
				F04781882425C1EB006911CD /* Base */,
			);
			name = Main.storyboard;
			sourceTree = "<group>";
		};
		F047818C2425C1EC006911CD /* LaunchScreen.storyboard */ = {
			isa = PBXVariantGroup;
			children = (
				F047818D2425C1EC006911CD /* Base */,
			);
			name = LaunchScreen.storyboard;
			sourceTree = "<group>";
		};
/* End PBXVariantGroup section */

/* Begin XCBuildConfiguration section */
		F04781A82425C1EC006911CD /* Debug */ = {
			isa = XCBuildConfiguration;
			buildSettings = {
				ALWAYS_SEARCH_USER_PATHS = NO;
				CLANG_ANALYZER_NONNULL = YES;
				CLANG_ANALYZER_NUMBER_OBJECT_CONVERSION = YES_AGGRESSIVE;
				CLANG_CXX_LANGUAGE_STANDARD = "gnu++14";
				CLANG_CXX_LIBRARY = "libc++";
				CLANG_ENABLE_MODULES = YES;
				CLANG_ENABLE_OBJC_ARC = YES;
				CLANG_ENABLE_OBJC_WEAK = YES;
				CLANG_WARN_BLOCK_CAPTURE_AUTORELEASING = YES;
				CLANG_WARN_BOOL_CONVERSION = YES;
				CLANG_WARN_COMMA = YES;
				CLANG_WARN_CONSTANT_CONVERSION = YES;
				CLANG_WARN_DEPRECATED_OBJC_IMPLEMENTATIONS = YES;
				CLANG_WARN_DIRECT_OBJC_ISA_USAGE = YES_ERROR;
				CLANG_WARN_DOCUMENTATION_COMMENTS = YES;
				CLANG_WARN_EMPTY_BODY = YES;
				CLANG_WARN_ENUM_CONVERSION = YES;
				CLANG_WARN_INFINITE_RECURSION = YES;
				CLANG_WARN_INT_CONVERSION = YES;
				CLANG_WARN_NON_LITERAL_NULL_CONVERSION = YES;
				CLANG_WARN_OBJC_IMPLICIT_RETAIN_SELF = YES;
				CLANG_WARN_OBJC_LITERAL_CONVERSION = YES;
				CLANG_WARN_OBJC_ROOT_CLASS = YES_ERROR;
				CLANG_WARN_RANGE_LOOP_ANALYSIS = YES;
				CLANG_WARN_STRICT_PROTOTYPES = YES;
				CLANG_WARN_SUSPICIOUS_MOVE = YES;
				CLANG_WARN_UNGUARDED_AVAILABILITY = YES_AGGRESSIVE;
				CLANG_WARN_UNREACHABLE_CODE = YES;
				CLANG_WARN__DUPLICATE_METHOD_MATCH = YES;
				COPY_PHASE_STRIP = NO;
				DEBUG_INFORMATION_FORMAT = dwarf;
				ENABLE_STRICT_OBJC_MSGSEND = YES;
				ENABLE_TESTABILITY = YES;
				GCC_C_LANGUAGE_STANDARD = gnu11;
				GCC_DYNAMIC_NO_PIC = NO;
				GCC_NO_COMMON_BLOCKS = YES;
				GCC_OPTIMIZATION_LEVEL = 0;
				GCC_PREPROCESSOR_DEFINITIONS = (
					"DEBUG=1",
					"$(inherited)",
				);
				GCC_WARN_64_TO_32_BIT_CONVERSION = YES;
				GCC_WARN_ABOUT_RETURN_TYPE = YES_ERROR;
				GCC_WARN_UNDECLARED_SELECTOR = YES;
				GCC_WARN_UNINITIALIZED_AUTOS = YES_AGGRESSIVE;
				GCC_WARN_UNUSED_FUNCTION = YES;
				GCC_WARN_UNUSED_VARIABLE = YES;
				IPHONEOS_DEPLOYMENT_TARGET = 13.2;
				MTL_ENABLE_DEBUG_INFO = INCLUDE_SOURCE;
				MTL_FAST_MATH = YES;
				ONLY_ACTIVE_ARCH = YES;
				SDKROOT = iphoneos;
			};
			name = Debug;
		};
		F04781A92425C1EC006911CD /* Release */ = {
			isa = XCBuildConfiguration;
			buildSettings = {
				ALWAYS_SEARCH_USER_PATHS = NO;
				CLANG_ANALYZER_NONNULL = YES;
				CLANG_ANALYZER_NUMBER_OBJECT_CONVERSION = YES_AGGRESSIVE;
				CLANG_CXX_LANGUAGE_STANDARD = "gnu++14";
				CLANG_CXX_LIBRARY = "libc++";
				CLANG_ENABLE_MODULES = YES;
				CLANG_ENABLE_OBJC_ARC = YES;
				CLANG_ENABLE_OBJC_WEAK = YES;
				CLANG_WARN_BLOCK_CAPTURE_AUTORELEASING = YES;
				CLANG_WARN_BOOL_CONVERSION = YES;
				CLANG_WARN_COMMA = YES;
				CLANG_WARN_CONSTANT_CONVERSION = YES;
				CLANG_WARN_DEPRECATED_OBJC_IMPLEMENTATIONS = YES;
				CLANG_WARN_DIRECT_OBJC_ISA_USAGE = YES_ERROR;
				CLANG_WARN_DOCUMENTATION_COMMENTS = YES;
				CLANG_WARN_EMPTY_BODY = YES;
				CLANG_WARN_ENUM_CONVERSION = YES;
				CLANG_WARN_INFINITE_RECURSION = YES;
				CLANG_WARN_INT_CONVERSION = YES;
				CLANG_WARN_NON_LITERAL_NULL_CONVERSION = YES;
				CLANG_WARN_OBJC_IMPLICIT_RETAIN_SELF = YES;
				CLANG_WARN_OBJC_LITERAL_CONVERSION = YES;
				CLANG_WARN_OBJC_ROOT_CLASS = YES_ERROR;
				CLANG_WARN_RANGE_LOOP_ANALYSIS = YES;
				CLANG_WARN_STRICT_PROTOTYPES = YES;
				CLANG_WARN_SUSPICIOUS_MOVE = YES;
				CLANG_WARN_UNGUARDED_AVAILABILITY = YES_AGGRESSIVE;
				CLANG_WARN_UNREACHABLE_CODE = YES;
				CLANG_WARN__DUPLICATE_METHOD_MATCH = YES;
				COPY_PHASE_STRIP = NO;
				DEBUG_INFORMATION_FORMAT = "dwarf-with-dsym";
				ENABLE_NS_ASSERTIONS = NO;
				ENABLE_STRICT_OBJC_MSGSEND = YES;
				GCC_C_LANGUAGE_STANDARD = gnu11;
				GCC_NO_COMMON_BLOCKS = YES;
				GCC_WARN_64_TO_32_BIT_CONVERSION = YES;
				GCC_WARN_ABOUT_RETURN_TYPE = YES_ERROR;
				GCC_WARN_UNDECLARED_SELECTOR = YES;
				GCC_WARN_UNINITIALIZED_AUTOS = YES_AGGRESSIVE;
				GCC_WARN_UNUSED_FUNCTION = YES;
				GCC_WARN_UNUSED_VARIABLE = YES;
				IPHONEOS_DEPLOYMENT_TARGET = 13.2;
				MTL_ENABLE_DEBUG_INFO = NO;
				MTL_FAST_MATH = YES;
				SDKROOT = iphoneos;
				VALIDATE_PRODUCT = YES;
			};
			name = Release;
		};
		F04781AB2425C1EC006911CD /* Debug */ = {
			isa = XCBuildConfiguration;
			baseConfigurationReference = 856923871D8FB68DFE75E472 /* Pods-ToDoList.debug.xcconfig */;
			buildSettings = {
				ASSETCATALOG_COMPILER_APPICON_NAME = AppIcon;
				CODE_SIGN_STYLE = Automatic;
				DEVELOPMENT_TEAM = F8MG8SY6C5;
				INFOPLIST_FILE = ToDoList/Info.plist;
				IPHONEOS_DEPLOYMENT_TARGET = 12.0;
				LD_RUNPATH_SEARCH_PATHS = (
					"$(inherited)",
					"@executable_path/Frameworks",
				);
				PRODUCT_BUNDLE_IDENTIFIER = com.desmondwong.ToDoList;
				PRODUCT_NAME = "$(TARGET_NAME)";
				TARGETED_DEVICE_FAMILY = "1,2";
			};
			name = Debug;
		};
		F04781AC2425C1EC006911CD /* Release */ = {
			isa = XCBuildConfiguration;
			baseConfigurationReference = BEFDB1422DCC6EFCF871D437 /* Pods-ToDoList.release.xcconfig */;
			buildSettings = {
				ASSETCATALOG_COMPILER_APPICON_NAME = AppIcon;
				CODE_SIGN_STYLE = Automatic;
				DEVELOPMENT_TEAM = F8MG8SY6C5;
				INFOPLIST_FILE = ToDoList/Info.plist;
				IPHONEOS_DEPLOYMENT_TARGET = 12.0;
				LD_RUNPATH_SEARCH_PATHS = (
					"$(inherited)",
					"@executable_path/Frameworks",
				);
				PRODUCT_BUNDLE_IDENTIFIER = com.desmondwong.ToDoList;
				PRODUCT_NAME = "$(TARGET_NAME)";
				TARGETED_DEVICE_FAMILY = "1,2";
			};
			name = Release;
		};
		F04781AE2425C1EC006911CD /* Debug */ = {
			isa = XCBuildConfiguration;
			baseConfigurationReference = AC2401F9E33B9902B9C49E8D /* Pods-ToDoListTests.debug.xcconfig */;
			buildSettings = {
				BUNDLE_LOADER = "$(TEST_HOST)";
				CODE_SIGN_STYLE = Automatic;
				DEVELOPMENT_TEAM = F8MG8SY6C5;
				INFOPLIST_FILE = ToDoListTests/Info.plist;
				IPHONEOS_DEPLOYMENT_TARGET = 13.2;
				LD_RUNPATH_SEARCH_PATHS = (
					"$(inherited)",
					"@executable_path/Frameworks",
					"@loader_path/Frameworks",
				);
				PRODUCT_BUNDLE_IDENTIFIER = com.desmondwong.ToDoListTests;
				PRODUCT_NAME = "$(TARGET_NAME)";
				TARGETED_DEVICE_FAMILY = "1,2";
				TEST_HOST = "$(BUILT_PRODUCTS_DIR)/ToDoList.app/ToDoList";
			};
			name = Debug;
		};
		F04781AF2425C1EC006911CD /* Release */ = {
			isa = XCBuildConfiguration;
			baseConfigurationReference = C21060D2C8A8A087C3F5AF2D /* Pods-ToDoListTests.release.xcconfig */;
			buildSettings = {
				BUNDLE_LOADER = "$(TEST_HOST)";
				CODE_SIGN_STYLE = Automatic;
				DEVELOPMENT_TEAM = F8MG8SY6C5;
				INFOPLIST_FILE = ToDoListTests/Info.plist;
				IPHONEOS_DEPLOYMENT_TARGET = 13.2;
				LD_RUNPATH_SEARCH_PATHS = (
					"$(inherited)",
					"@executable_path/Frameworks",
					"@loader_path/Frameworks",
				);
				PRODUCT_BUNDLE_IDENTIFIER = com.desmondwong.ToDoListTests;
				PRODUCT_NAME = "$(TARGET_NAME)";
				TARGETED_DEVICE_FAMILY = "1,2";
				TEST_HOST = "$(BUILT_PRODUCTS_DIR)/ToDoList.app/ToDoList";
			};
			name = Release;
		};
		F04781B12425C1EC006911CD /* Debug */ = {
			isa = XCBuildConfiguration;
			baseConfigurationReference = 4F3BB7BF9F4C02977557EB24 /* Pods-ToDoList-ToDoListUITests.debug.xcconfig */;
			buildSettings = {
				CODE_SIGN_STYLE = Automatic;
				DEVELOPMENT_TEAM = F8MG8SY6C5;
				INFOPLIST_FILE = ToDoListUITests/Info.plist;
				LD_RUNPATH_SEARCH_PATHS = (
					"$(inherited)",
					"@executable_path/Frameworks",
					"@loader_path/Frameworks",
				);
				PRODUCT_BUNDLE_IDENTIFIER = com.desmondwong.ToDoListUITests;
				PRODUCT_NAME = "$(TARGET_NAME)";
				TARGETED_DEVICE_FAMILY = "1,2";
				TEST_TARGET_NAME = ToDoList;
			};
			name = Debug;
		};
		F04781B22425C1EC006911CD /* Release */ = {
			isa = XCBuildConfiguration;
			baseConfigurationReference = 6CC53E92349DA6BA4A077288 /* Pods-ToDoList-ToDoListUITests.release.xcconfig */;
			buildSettings = {
				CODE_SIGN_STYLE = Automatic;
				DEVELOPMENT_TEAM = F8MG8SY6C5;
				INFOPLIST_FILE = ToDoListUITests/Info.plist;
				LD_RUNPATH_SEARCH_PATHS = (
					"$(inherited)",
					"@executable_path/Frameworks",
					"@loader_path/Frameworks",
				);
				PRODUCT_BUNDLE_IDENTIFIER = com.desmondwong.ToDoListUITests;
				PRODUCT_NAME = "$(TARGET_NAME)";
				TARGETED_DEVICE_FAMILY = "1,2";
				TEST_TARGET_NAME = ToDoList;
			};
			name = Release;
		};
/* End XCBuildConfiguration section */

/* Begin XCConfigurationList section */
		F04781762425C1EA006911CD /* Build configuration list for PBXProject "ToDoList" */ = {
			isa = XCConfigurationList;
			buildConfigurations = (
				F04781A82425C1EC006911CD /* Debug */,
				F04781A92425C1EC006911CD /* Release */,
			);
			defaultConfigurationIsVisible = 0;
			defaultConfigurationName = Release;
		};
		F04781AA2425C1EC006911CD /* Build configuration list for PBXNativeTarget "ToDoList" */ = {
			isa = XCConfigurationList;
			buildConfigurations = (
				F04781AB2425C1EC006911CD /* Debug */,
				F04781AC2425C1EC006911CD /* Release */,
			);
			defaultConfigurationIsVisible = 0;
			defaultConfigurationName = Release;
		};
		F04781AD2425C1EC006911CD /* Build configuration list for PBXNativeTarget "ToDoListTests" */ = {
			isa = XCConfigurationList;
			buildConfigurations = (
				F04781AE2425C1EC006911CD /* Debug */,
				F04781AF2425C1EC006911CD /* Release */,
			);
			defaultConfigurationIsVisible = 0;
			defaultConfigurationName = Release;
		};
		F04781B02425C1EC006911CD /* Build configuration list for PBXNativeTarget "ToDoListUITests" */ = {
			isa = XCConfigurationList;
			buildConfigurations = (
				F04781B12425C1EC006911CD /* Debug */,
				F04781B22425C1EC006911CD /* Release */,
			);
			defaultConfigurationIsVisible = 0;
			defaultConfigurationName = Release;
		};
/* End XCConfigurationList section */
	};
	rootObject = F04781732425C1EA006911CD /* Project object */;
}
